{
  "requires": true,
  "lockfileVersion": 1,
  "dependencies": {
    "@run-wasm/run-wasm": {
      "version": "0.0.3",
      "resolved": "https://registry.npmjs.org/@run-wasm/run-wasm/-/run-wasm-0.0.3.tgz",
      "integrity": "sha512-TmhR7AroRNM24nJpVV5TuLpHqCIepaMoiLmBMsq3UqaFx6gz/KwRClX7XBBfWrCltS5XVzdtPdrO3CH8C82ILg=="
    }
  }
}
